
Microsoft Visual Studio Solution File, Format Version 11.00
# Visual Studio 2010
Project("{FAE04EC0-301F-11D3-BF4B-00C04F79EFBC}") = "test 4", "Assembly-CSharp-firstpass.csproj", "{4DA1F809-BECE-B8E1-EFE6-F04730710407}"
EndProject
Project("{FAE04EC0-301F-11D3-BF4B-00C04F79EFBC}") = "test 4", "Assembly-CSharp.csproj", "{6717705B-EFDD-00A9-AADC-5573BA7534DC}"
EndProject
Project("{FAE04EC0-301F-11D3-BF4B-00C04F79EFBC}") = "test 4", "Assembly-CSharp-Editor-firstpass.csproj", "{565154BB-7B89-ED2E-69C0-68D750A3A21F}"
EndProject
Project("{FAE04EC0-301F-11D3-BF4B-00C04F79EFBC}") = "test 4", "Assembly-CSharp-Editor.csproj", "{C895ACE0-FC23-4A23-B172-A49EF839B78A}"
EndProject
Global
	GlobalSection(SolutionConfigurationPlatforms) = preSolution
		Debug|Any CPU = Debug|Any CPU
		Release|Any CPU = Release|Any CPU
	EndGlobalSection
	GlobalSection(ProjectConfigurationPlatforms) = postSolution
		{4DA1F809-BECE-B8E1-EFE6-F04730710407}.Debug|Any CPU.ActiveCfg = Debug|Any CPU
		{4DA1F809-BECE-B8E1-EFE6-F04730710407}.Debug|Any CPU.Build.0 = Debug|Any CPU
		{4DA1F809-BECE-B8E1-EFE6-F04730710407}.Release|Any CPU.ActiveCfg = Release|Any CPU
		{4DA1F809-BECE-B8E1-EFE6-F04730710407}.Release|Any CPU.Build.0 = Release|Any CPU
		{6717705B-EFDD-00A9-AADC-5573BA7534DC}.Debug|Any CPU.ActiveCfg = Debug|Any CPU
		{6717705B-EFDD-00A9-AADC-5573BA7534DC}.Debug|Any CPU.Build.0 = Debug|Any CPU
		{6717705B-EFDD-00A9-AADC-5573BA7534DC}.Release|Any CPU.ActiveCfg = Release|Any CPU
		{6717705B-EFDD-00A9-AADC-5573BA7534DC}.Release|Any CPU.Build.0 = Release|Any CPU
		{565154BB-7B89-ED2E-69C0-68D750A3A21F}.Debug|Any CPU.ActiveCfg = Debug|Any CPU
		{565154BB-7B89-ED2E-69C0-68D750A3A21F}.Debug|Any CPU.Build.0 = Debug|Any CPU
		{565154BB-7B89-ED2E-69C0-68D750A3A21F}.Release|Any CPU.ActiveCfg = Release|Any CPU
		{565154BB-7B89-ED2E-69C0-68D750A3A21F}.Release|Any CPU.Build.0 = Release|Any CPU
		{C895ACE0-FC23-4A23-B172-A49EF839B78A}.Debug|Any CPU.ActiveCfg = Debug|Any CPU
		{C895ACE0-FC23-4A23-B172-A49EF839B78A}.Debug|Any CPU.Build.0 = Debug|Any CPU
		{C895ACE0-FC23-4A23-B172-A49EF839B78A}.Release|Any CPU.ActiveCfg = Release|Any CPU
		{C895ACE0-FC23-4A23-B172-A49EF839B78A}.Release|Any CPU.Build.0 = Release|Any CPU
	EndGlobalSection
	GlobalSection(SolutionProperties) = preSolution
		HideSolutionNode = FALSE
	EndGlobalSection
	GlobalSection(MonoDevelopProperties) = preSolution
		StartupItem = Assembly-CSharp.csproj
	EndGlobalSection
EndGlobal
